
Microsoft Visual Studio Solution File, Format Version 12.00
# Visual Studio Version 16
VisualStudioVersion = 16.0.29519.87
MinimumVisualStudioVersion = 10.0.40219.1
Project("{FAE04EC0-301F-11D3-BF4B-00C04F79EFBC}") = "Chatapp.Server", "Chatapp.Server\Chatapp.Server.csproj", "{777ABD1B-3102-4C7A-9534-A8C3ED3F9887}"
EndProject
Project("{FAE04EC0-301F-11D3-BF4B-00C04F79EFBC}") = "Chatapp.Client", "Chatapp.Client\Chatapp.Client.csproj", "{FCA0C2DC-C876-433C-B153-D31E41BEF700}"
EndProject
Project("{FAE04EC0-301F-11D3-BF4B-00C04F79EFBC}") = "Chatapp.Shared", "Chatapp.Shared\Chatapp.Shared.csproj", "{511E96BA-B84A-401B-93A3-3903B0416A9A}"
EndProject
Global
	GlobalSection(SolutionConfigurationPlatforms) = preSolution
		Debug|Any CPU = Debug|Any CPU
		Release|Any CPU = Release|Any CPU
	EndGlobalSection
	GlobalSection(ProjectConfigurationPlatforms) = postSolution
		{777ABD1B-3102-4C7A-9534-A8C3ED3F9887}.Debug|Any CPU.ActiveCfg = Debug|Any CPU
		{777ABD1B-3102-4C7A-9534-A8C3ED3F9887}.Debug|Any CPU.Build.0 = Debug|Any CPU
		{777ABD1B-3102-4C7A-9534-A8C3ED3F9887}.Release|Any CPU.ActiveCfg = Release|Any CPU
		{777ABD1B-3102-4C7A-9534-A8C3ED3F9887}.Release|Any CPU.Build.0 = Release|Any CPU
		{FCA0C2DC-C876-433C-B153-D31E41BEF700}.Debug|Any CPU.ActiveCfg = Debug|Any CPU
		{FCA0C2DC-C876-433C-B153-D31E41BEF700}.Debug|Any CPU.Build.0 = Debug|Any CPU
		{FCA0C2DC-C876-433C-B153-D31E41BEF700}.Release|Any CPU.ActiveCfg = Release|Any CPU
		{FCA0C2DC-C876-433C-B153-D31E41BEF700}.Release|Any CPU.Build.0 = Release|Any CPU
		{511E96BA-B84A-401B-93A3-3903B0416A9A}.Debug|Any CPU.ActiveCfg = Debug|Any CPU
		{511E96BA-B84A-401B-93A3-3903B0416A9A}.Debug|Any CPU.Build.0 = Debug|Any CPU
		{511E96BA-B84A-401B-93A3-3903B0416A9A}.Release|Any CPU.ActiveCfg = Release|Any CPU
		{511E96BA-B84A-401B-93A3-3903B0416A9A}.Release|Any CPU.Build.0 = Release|Any CPU
	EndGlobalSection
	GlobalSection(SolutionProperties) = preSolution
		HideSolutionNode = FALSE
	EndGlobalSection
	GlobalSection(ExtensibilityGlobals) = postSolution
		SolutionGuid = {0182F958-AF1D-4955-A90A-50C01E24EAF9}
	EndGlobalSection
EndGlobal
